
Microsoft Visual Studio Solution File, Format Version 12.00
# Visual Studio Version 17
VisualStudioVersion = 17.3.32929.385
MinimumVisualStudioVersion = 10.0.40219.1
Project("{FAE04EC0-301F-11D3-BF4B-00C04F79EFBC}") = "MovieAPIs", "MovieAPIs\MovieAPIs.csproj", "{FA0502E8-A221-4EB1-9B69-81A875AEB94C}"
EndProject
Global
	GlobalSection(SolutionConfigurationPlatforms) = preSolution
		Debug|Any CPU = Debug|Any CPU
		Release|Any CPU = Release|Any CPU
	EndGlobalSection
	GlobalSection(ProjectConfigurationPlatforms) = postSolution
		{FA0502E8-A221-4EB1-9B69-81A875AEB94C}.Debug|Any CPU.ActiveCfg = Debug|Any CPU
		{FA0502E8-A221-4EB1-9B69-81A875AEB94C}.Debug|Any CPU.Build.0 = Debug|Any CPU
		{FA0502E8-A221-4EB1-9B69-81A875AEB94C}.Release|Any CPU.ActiveCfg = Release|Any CPU
		{FA0502E8-A221-4EB1-9B69-81A875AEB94C}.Release|Any CPU.Build.0 = Release|Any CPU
	EndGlobalSection
	GlobalSection(SolutionProperties) = preSolution
		HideSolutionNode = FALSE
	EndGlobalSection
	GlobalSection(ExtensibilityGlobals) = postSolution
		SolutionGuid = {BBE802DB-57A7-426B-8996-B43ED187355D}
	EndGlobalSection
EndGlobal
